
Microsoft Visual Studio Solution File, Format Version 12.00
# Visual Studio Version 17
VisualStudioVersion = 17.5.33414.496
MinimumVisualStudioVersion = 10.0.40219.1
Project("{FAE04EC0-301F-11D3-BF4B-00C04F79EFBC}") = "ejercicio dos de cola", "ejercicio dos de cola\ejercicio dos de cola.csproj", "{347FA9A2-4005-4932-B0E7-CE17ACBD5DBB}"
EndProject
Global
	GlobalSection(SolutionConfigurationPlatforms) = preSolution
		Debug|Any CPU = Debug|Any CPU
		Release|Any CPU = Release|Any CPU
	EndGlobalSection
	GlobalSection(ProjectConfigurationPlatforms) = postSolution
		{347FA9A2-4005-4932-B0E7-CE17ACBD5DBB}.Debug|Any CPU.ActiveCfg = Debug|Any CPU
		{347FA9A2-4005-4932-B0E7-CE17ACBD5DBB}.Debug|Any CPU.Build.0 = Debug|Any CPU
		{347FA9A2-4005-4932-B0E7-CE17ACBD5DBB}.Release|Any CPU.ActiveCfg = Release|Any CPU
		{347FA9A2-4005-4932-B0E7-CE17ACBD5DBB}.Release|Any CPU.Build.0 = Release|Any CPU
	EndGlobalSection
	GlobalSection(SolutionProperties) = preSolution
		HideSolutionNode = FALSE
	EndGlobalSection
	GlobalSection(ExtensibilityGlobals) = postSolution
		SolutionGuid = {39ECDB51-8C42-4AEA-B955-7DA159915110}
	EndGlobalSection
EndGlobal
